// !$*UTF8*$!
{
	archiveVersion = 1;
	classes = {
	};
	objectVersion = 50;
	objects = {

/* Begin PBXBuildFile section */
		7F191BBA21E0B88D00D64CBB /* AppDelegate.swift in Sources */ = {isa = PBXBuildFile; fileRef = 7F191BB921E0B88D00D64CBB /* AppDelegate.swift */; };
		7F191BBC21E0B88D00D64CBB /* DiaryViewController.swift in Sources */ = {isa = PBXBuildFile; fileRef = 7F191BBB21E0B88D00D64CBB /* DiaryViewController.swift */; };
		7F191BC121E0B88E00D64CBB /* Assets.xcassets in Resources */ = {isa = PBXBuildFile; fileRef = 7F191BC021E0B88E00D64CBB /* Assets.xcassets */; };
		7F191BC421E0B88E00D64CBB /* LaunchScreen.storyboard in Resources */ = {isa = PBXBuildFile; fileRef = 7F191BC221E0B88E00D64CBB /* LaunchScreen.storyboard */; };
		FAA542EB4EB919C58D964799 /* Pods_MongoDiary.framework in Frameworks */ = {isa = PBXBuildFile; fileRef = 411F31C215849ECD569CF11F /* Pods_MongoDiary.framework */; };
/* End PBXBuildFile section */

/* Begin PBXFileReference section */
		411F31C215849ECD569CF11F /* Pods_MongoDiary.framework */ = {isa = PBXFileReference; explicitFileType = wrapper.framework; includeInIndex = 0; path = Pods_MongoDiary.framework; sourceTree = BUILT_PRODUCTS_DIR; };
		7F191BB621E0B88D00D64CBB /* MongoDiary.app */ = {isa = PBXFileReference; explicitFileType = wrapper.application; includeInIndex = 0; path = MongoDiary.app; sourceTree = BUILT_PRODUCTS_DIR; };
		7F191BB921E0B88D00D64CBB /* AppDelegate.swift */ = {isa = PBXFileReference; lastKnownFileType = sourcecode.swift; path = AppDelegate.swift; sourceTree = "<group>"; };
		7F191BBB21E0B88D00D64CBB /* DiaryViewController.swift */ = {isa = PBXFileReference; lastKnownFileType = sourcecode.swift; path = DiaryViewController.swift; sourceTree = "<group>"; };
		7F191BC021E0B88E00D64CBB /* Assets.xcassets */ = {isa = PBXFileReference; lastKnownFileType = folder.assetcatalog; path = Assets.xcassets; sourceTree = "<group>"; };
		7F191BC321E0B88E00D64CBB /* Base */ = {isa = PBXFileReference; lastKnownFileType = file.storyboard; name = Base; path = Base.lproj/LaunchScreen.storyboard; sourceTree = "<group>"; };
		7F191BC521E0B88E00D64CBB /* Info.plist */ = {isa = PBXFileReference; lastKnownFileType = text.plist.xml; path = Info.plist; sourceTree = "<group>"; };
		9E80B92E1B110D0F6F123485 /* Pods-MongoDiary.debug.xcconfig */ = {isa = PBXFileReference; includeInIndex = 1; lastKnownFileType = text.xcconfig; name = "Pods-MongoDiary.debug.xcconfig"; path = "Pods/Target Support Files/Pods-MongoDiary/Pods-MongoDiary.debug.xcconfig"; sourceTree = "<group>"; };
		B12951507A3F6230690F4BD5 /* Pods-MongoDiary.release.xcconfig */ = {isa = PBXFileReference; includeInIndex = 1; lastKnownFileType = text.xcconfig; name = "Pods-MongoDiary.release.xcconfig"; path = "Pods/Target Support Files/Pods-MongoDiary/Pods-MongoDiary.release.xcconfig"; sourceTree = "<group>"; };
/* End PBXFileReference section */

/* Begin PBXFrameworksBuildPhase section */
		7F191BB321E0B88D00D64CBB /* Frameworks */ = {
			isa = PBXFrameworksBuildPhase;
			buildActionMask = 2147483647;
			files = (
				FAA542EB4EB919C58D964799 /* Pods_MongoDiary.framework in Frameworks */,
			);
			runOnlyForDeploymentPostprocessing = 0;
		};
/* End PBXFrameworksBuildPhase section */

/* Begin PBXGroup section */
		21E62D3F49F38097E753557D /* Frameworks */ = {
			isa = PBXGroup;
			children = (
				411F31C215849ECD569CF11F /* Pods_MongoDiary.framework */,
			);
			name = Frameworks;
			sourceTree = "<group>";
		};
		7F191BAD21E0B88D00D64CBB = {
			isa = PBXGroup;
			children = (
				7F191BB821E0B88D00D64CBB /* MongoDiary */,
				7F191BB721E0B88D00D64CBB /* Products */,
				CCC48BF70696E275CADCC8A1 /* Pods */,
				21E62D3F49F38097E753557D /* Frameworks */,
			);
			sourceTree = "<group>";
		};
		7F191BB721E0B88D00D64CBB /* Products */ = {
			isa = PBXGroup;
			children = (
				7F191BB621E0B88D00D64CBB /* MongoDiary.app */,
			);
			name = Products;
			sourceTree = "<group>";
		};
		7F191BB821E0B88D00D64CBB /* MongoDiary */ = {
			isa = PBXGroup;
			children = (
				7F191BB921E0B88D00D64CBB /* AppDelegate.swift */,
				7F191BBB21E0B88D00D64CBB /* DiaryViewController.swift */,
				7F191BC021E0B88E00D64CBB /* Assets.xcassets */,
				7F191BC221E0B88E00D64CBB /* LaunchScreen.storyboard */,
				7F191BC521E0B88E00D64CBB /* Info.plist */,
			);
			path = MongoDiary;
			sourceTree = "<group>";
		};
		CCC48BF70696E275CADCC8A1 /* Pods */ = {
			isa = PBXGroup;
			children = (
				9E80B92E1B110D0F6F123485 /* Pods-MongoDiary.debug.xcconfig */,
				B12951507A3F6230690F4BD5 /* Pods-MongoDiary.release.xcconfig */,
			);
			name = Pods;
			sourceTree = "<group>";
		};
/* End PBXGroup section */

/* Begin PBXNativeTarget section */
		7F191BB521E0B88D00D64CBB /* MongoDiary */ = {
			isa = PBXNativeTarget;
			buildConfigurationList = 7F191BC821E0B88E00D64CBB /* Build configuration list for PBXNativeTarget "MongoDiary" */;
			buildPhases = (
				04A3DC14AEC19B52FC0877B4 /* [CP] Check Pods Manifest.lock */,
				7F191BB221E0B88D00D64CBB /* Sources */,
				7F191BB321E0B88D00D64CBB /* Frameworks */,
				7F191BB421E0B88D00D64CBB /* Resources */,
				4729D54AD9A19BDD3D5965F1 /* [CP] Embed Pods Frameworks */,
			);
			buildRules = (
			);
			dependencies = (
			);
			name = MongoDiary;
			productName = MongoDiary;
			productReference = 7F191BB621E0B88D00D64CBB /* MongoDiary.app */;
			productType = "com.apple.product-type.application";
		};
/* End PBXNativeTarget section */

/* Begin PBXProject section */
		7F191BAE21E0B88D00D64CBB /* Project object */ = {
			isa = PBXProject;
			attributes = {
				LastSwiftUpdateCheck = 1010;
				LastUpgradeCheck = 1010;
				ORGANIZATIONNAME = "Aries Yang";
				TargetAttributes = {
					7F191BB521E0B88D00D64CBB = {
						CreatedOnToolsVersion = 10.1;
					};
				};
			};
			buildConfigurationList = 7F191BB121E0B88D00D64CBB /* Build configuration list for PBXProject "MongoDiary" */;
			compatibilityVersion = "Xcode 9.3";
			developmentRegion = en;
			hasScannedForEncodings = 0;
			knownRegions = (
				en,
				Base,
			);
			mainGroup = 7F191BAD21E0B88D00D64CBB;
			productRefGroup = 7F191BB721E0B88D00D64CBB /* Products */;
			projectDirPath = "";
			projectRoot = "";
			targets = (
				7F191BB521E0B88D00D64CBB /* MongoDiary */,
			);
		};
/* End PBXProject section */

/* Begin PBXResourcesBuildPhase section */
		7F191BB421E0B88D00D64CBB /* Resources */ = {
			isa = PBXResourcesBuildPhase;
			buildActionMask = 2147483647;
			files = (
				7F191BC421E0B88E00D64CBB /* LaunchScreen.storyboard in Resources */,
				7F191BC121E0B88E00D64CBB /* Assets.xcassets in Resources */,
			);
			runOnlyForDeploymentPostprocessing = 0;
		};
/* End PBXResourcesBuildPhase section */

/* Begin PBXShellScriptBuildPhase section */
		04A3DC14AEC19B52FC0877B4 /* [CP] Check Pods Manifest.lock */ = {
			isa = PBXShellScriptBuildPhase;
			buildActionMask = 2147483647;
			files = (
			);
			inputPaths = (
				"${PODS_PODFILE_DIR_PATH}/Podfile.lock",
				"${PODS_ROOT}/Manifest.lock",
			);
			name = "[CP] Check Pods Manifest.lock";
			outputPaths = (
				"$(DERIVED_FILE_DIR)/Pods-MongoDiary-checkManifestLockResult.txt",
			);
			runOnlyForDeploymentPostprocessing = 0;
			shellPath = /bin/sh;
			shellScript = "diff \"${PODS_PODFILE_DIR_PATH}/Podfile.lock\" \"${PODS_ROOT}/Manifest.lock\" > /dev/null\nif [ $? != 0 ] ; then\n    # print error to STDERR\n    echo \"error: The sandbox is not in sync with the Podfile.lock. Run 'pod install' or update your CocoaPods installation.\" >&2\n    exit 1\nfi\n# This output is used by Xcode 'outputs' to avoid re-running this script phase.\necho \"SUCCESS\" > \"${SCRIPT_OUTPUT_FILE_0}\"\n";
			showEnvVarsInLog = 0;
		};
		4729D54AD9A19BDD3D5965F1 /* [CP] Embed Pods Frameworks */ = {
			isa = PBXShellScriptBuildPhase;
			buildActionMask = 2147483647;
			files = (
			);
			inputPaths = (
				"${PODS_ROOT}/Target Support Files/Pods-MongoDiary/Pods-MongoDiary-frameworks.sh",
				"${BUILT_PRODUCTS_DIR}/AyyyLocal/AyyyLocal.framework",
				"${BUILT_PRODUCTS_DIR}/MongoMobile/MongoMobile.framework",
				"${BUILT_PRODUCTS_DIR}/MongoSwift/MongoSwift.framework",
				"${BUILT_PRODUCTS_DIR}/StitchCore/StitchCore.framework",
				"${BUILT_PRODUCTS_DIR}/StitchCoreLocalMongoDBService/StitchCoreLocalMongoDBService.framework",
				"${BUILT_PRODUCTS_DIR}/StitchCoreRemoteMongoDBService/StitchCoreRemoteMongoDBService.framework",
				"${BUILT_PRODUCTS_DIR}/StitchCoreSDK/StitchCoreSDK.framework",
				"${BUILT_PRODUCTS_DIR}/StitchLocalMongoDBService/StitchLocalMongoDBService.framework",
				"${BUILT_PRODUCTS_DIR}/StitchRemoteMongoDBService/StitchRemoteMongoDBService.framework",
				"${PODS_ROOT}/mongo-embedded-c-driver/iPhoneOS/Frameworks/bson.framework",
				"${PODS_ROOT}/mongo-embedded-c-driver/iPhoneOS/Frameworks/bson.framework.dSYM",
				"${PODS_ROOT}/mongo-embedded-c-driver/iPhoneOS/Frameworks/mongoc.framework",
				"${PODS_ROOT}/mongo-embedded-c-driver/iPhoneOS/Frameworks/mongoc.framework.dSYM",
				"${PODS_ROOT}/mongo_embedded/iPhoneOS/Frameworks/mongo_embedded.framework",
				"${PODS_ROOT}/mongo_embedded/iPhoneOS/Frameworks/mongo_embedded.framework.dSYM",
				"${PODS_ROOT}/mongoc_embedded/iPhoneOS/Frameworks/mongoc_embedded.framework",
				"${PODS_ROOT}/mongoc_embedded/iPhoneOS/Frameworks/mongoc_embedded.framework.dSYM",
			);
			name = "[CP] Embed Pods Frameworks";
			outputPaths = (
				"${TARGET_BUILD_DIR}/${FRAMEWORKS_FOLDER_PATH}/AyyyLocal.framework",
				"${TARGET_BUILD_DIR}/${FRAMEWORKS_FOLDER_PATH}/MongoMobile.framework",
				"${TARGET_BUILD_DIR}/${FRAMEWORKS_FOLDER_PATH}/MongoSwift.framework",
				"${TARGET_BUILD_DIR}/${FRAMEWORKS_FOLDER_PATH}/StitchCore.framework",
				"${TARGET_BUILD_DIR}/${FRAMEWORKS_FOLDER_PATH}/StitchCoreLocalMongoDBService.framework",
				"${TARGET_BUILD_DIR}/${FRAMEWORKS_FOLDER_PATH}/StitchCoreRemoteMongoDBService.framework",
				"${TARGET_BUILD_DIR}/${FRAMEWORKS_FOLDER_PATH}/StitchCoreSDK.framework",
				"${TARGET_BUILD_DIR}/${FRAMEWORKS_FOLDER_PATH}/StitchLocalMongoDBService.framework",
				"${TARGET_BUILD_DIR}/${FRAMEWORKS_FOLDER_PATH}/StitchRemoteMongoDBService.framework",
				"${TARGET_BUILD_DIR}/${FRAMEWORKS_FOLDER_PATH}/bson.framework",
				"${DWARF_DSYM_FOLDER_PATH}/bson.framework.dSYM",
				"${TARGET_BUILD_DIR}/${FRAMEWORKS_FOLDER_PATH}/mongoc.framework",
				"${DWARF_DSYM_FOLDER_PATH}/mongoc.framework.dSYM",
				"${TARGET_BUILD_DIR}/${FRAMEWORKS_FOLDER_PATH}/mongo_embedded.framework",
				"${DWARF_DSYM_FOLDER_PATH}/mongo_embedded.framework.dSYM",
				"${TARGET_BUILD_DIR}/${FRAMEWORKS_FOLDER_PATH}/mongoc_embedded.framework",
				"${DWARF_DSYM_FOLDER_PATH}/mongoc_embedded.framework.dSYM",
			);
			runOnlyForDeploymentPostprocessing = 0;
			shellPath = /bin/sh;
			shellScript = "\"${PODS_ROOT}/Target Support Files/Pods-MongoDiary/Pods-MongoDiary-frameworks.sh\"\n";
			showEnvVarsInLog = 0;
		};
/* End PBXShellScriptBuildPhase section */

/* Begin PBXSourcesBuildPhase section */
		7F191BB221E0B88D00D64CBB /* Sources */ = {
			isa = PBXSourcesBuildPhase;
			buildActionMask = 2147483647;
			files = (
				7F191BBC21E0B88D00D64CBB /* DiaryViewController.swift in Sources */,
				7F191BBA21E0B88D00D64CBB /* AppDelegate.swift in Sources */,
			);
			runOnlyForDeploymentPostprocessing = 0;
		};
/* End PBXSourcesBuildPhase section */

/* Begin PBXVariantGroup section */
		7F191BC221E0B88E00D64CBB /* LaunchScreen.storyboard */ = {
			isa = PBXVariantGroup;
			children = (
				7F191BC321E0B88E00D64CBB /* Base */,
			);
			name = LaunchScreen.storyboard;
			sourceTree = "<group>";
		};
/* End PBXVariantGroup section */

/* Begin XCBuildConfiguration section */
		7F191BC621E0B88E00D64CBB /* Debug */ = {
			isa = XCBuildConfiguration;
			buildSettings = {
				ALWAYS_SEARCH_USER_PATHS = NO;
				CLANG_ANALYZER_NONNULL = YES;
				CLANG_ANALYZER_NUMBER_OBJECT_CONVERSION = YES_AGGRESSIVE;
				CLANG_CXX_LANGUAGE_STANDARD = "gnu++14";
				CLANG_CXX_LIBRARY = "libc++";
				CLANG_ENABLE_MODULES = YES;
				CLANG_ENABLE_OBJC_ARC = YES;
				CLANG_ENABLE_OBJC_WEAK = YES;
				CLANG_WARN_BLOCK_CAPTURE_AUTORELEASING = YES;
				CLANG_WARN_BOOL_CONVERSION = YES;
				CLANG_WARN_COMMA = YES;
				CLANG_WARN_CONSTANT_CONVERSION = YES;
				CLANG_WARN_DEPRECATED_OBJC_IMPLEMENTATIONS = YES;
				CLANG_WARN_DIRECT_OBJC_ISA_USAGE = YES_ERROR;
				CLANG_WARN_DOCUMENTATION_COMMENTS = YES;
				CLANG_WARN_EMPTY_BODY = YES;
				CLANG_WARN_ENUM_CONVERSION = YES;
				CLANG_WARN_INFINITE_RECURSION = YES;
				CLANG_WARN_INT_CONVERSION = YES;
				CLANG_WARN_NON_LITERAL_NULL_CONVERSION = YES;
				CLANG_WARN_OBJC_IMPLICIT_RETAIN_SELF = YES;
				CLANG_WARN_OBJC_LITERAL_CONVERSION = YES;
				CLANG_WARN_OBJC_ROOT_CLASS = YES_ERROR;
				CLANG_WARN_RANGE_LOOP_ANALYSIS = YES;
				CLANG_WARN_STRICT_PROTOTYPES = YES;
				CLANG_WARN_SUSPICIOUS_MOVE = YES;
				CLANG_WARN_UNGUARDED_AVAILABILITY = YES_AGGRESSIVE;
				CLANG_WARN_UNREACHABLE_CODE = YES;
				CLANG_WARN__DUPLICATE_METHOD_MATCH = YES;
				CODE_SIGN_IDENTITY = "iPhone Developer";
				COPY_PHASE_STRIP = NO;
				DEBUG_INFORMATION_FORMAT = dwarf;
				ENABLE_STRICT_OBJC_MSGSEND = YES;
				ENABLE_TESTABILITY = YES;
				GCC_C_LANGUAGE_STANDARD = gnu11;
				GCC_DYNAMIC_NO_PIC = NO;
				GCC_NO_COMMON_BLOCKS = YES;
				GCC_OPTIMIZATION_LEVEL = 0;
				GCC_PREPROCESSOR_DEFINITIONS = (
					"DEBUG=1",
					"$(inherited)",
				);
				GCC_WARN_64_TO_32_BIT_CONVERSION = YES;
				GCC_WARN_ABOUT_RETURN_TYPE = YES_ERROR;
				GCC_WARN_UNDECLARED_SELECTOR = YES;
				GCC_WARN_UNINITIALIZED_AUTOS = YES_AGGRESSIVE;
				GCC_WARN_UNUSED_FUNCTION = YES;
				GCC_WARN_UNUSED_VARIABLE = YES;
				IPHONEOS_DEPLOYMENT_TARGET = 12.1;
				MTL_ENABLE_DEBUG_INFO = INCLUDE_SOURCE;
				MTL_FAST_MATH = YES;
				ONLY_ACTIVE_ARCH = YES;
				SDKROOT = iphoneos;
				SWIFT_ACTIVE_COMPILATION_CONDITIONS = DEBUG;
				SWIFT_OPTIMIZATION_LEVEL = "-Onone";
			};
			name = Debug;
		};
		7F191BC721E0B88E00D64CBB /* Release */ = {
			isa = XCBuildConfiguration;
			buildSettings = {
				ALWAYS_SEARCH_USER_PATHS = NO;
				CLANG_ANALYZER_NONNULL = YES;
				CLANG_ANALYZER_NUMBER_OBJECT_CONVERSION = YES_AGGRESSIVE;
				CLANG_CXX_LANGUAGE_STANDARD = "gnu++14";
				CLANG_CXX_LIBRARY = "libc++";
				CLANG_ENABLE_MODULES = YES;
				CLANG_ENABLE_OBJC_ARC = YES;
				CLANG_ENABLE_OBJC_WEAK = YES;
				CLANG_WARN_BLOCK_CAPTURE_AUTORELEASING = YES;
				CLANG_WARN_BOOL_CONVERSION = YES;
				CLANG_WARN_COMMA = YES;
				CLANG_WARN_CONSTANT_CONVERSION = YES;
				CLANG_WARN_DEPRECATED_OBJC_IMPLEMENTATIONS = YES;
				CLANG_WARN_DIRECT_OBJC_ISA_USAGE = YES_ERROR;
				CLANG_WARN_DOCUMENTATION_COMMENTS = YES;
				CLANG_WARN_EMPTY_BODY = YES;
				CLANG_WARN_ENUM_CONVERSION = YES;
				CLANG_WARN_INFINITE_RECURSION = YES;
				CLANG_WARN_INT_CONVERSION = YES;
				CLANG_WARN_NON_LITERAL_NULL_CONVERSION = YES;
				CLANG_WARN_OBJC_IMPLICIT_RETAIN_SELF = YES;
				CLANG_WARN_OBJC_LITERAL_CONVERSION = YES;
				CLANG_WARN_OBJC_ROOT_CLASS = YES_ERROR;
				CLANG_WARN_RANGE_LOOP_ANALYSIS = YES;
				CLANG_WARN_STRICT_PROTOTYPES = YES;
				CLANG_WARN_SUSPICIOUS_MOVE = YES;
				CLANG_WARN_UNGUARDED_AVAILABILITY = YES_AGGRESSIVE;
				CLANG_WARN_UNREACHABLE_CODE = YES;
				CLANG_WARN__DUPLICATE_METHOD_MATCH = YES;
				CODE_SIGN_IDENTITY = "iPhone Developer";
				COPY_PHASE_STRIP = NO;
				DEBUG_INFORMATION_FORMAT = "dwarf-with-dsym";
				ENABLE_NS_ASSERTIONS = NO;
				ENABLE_STRICT_OBJC_MSGSEND = YES;
				GCC_C_LANGUAGE_STANDARD = gnu11;
				GCC_NO_COMMON_BLOCKS = YES;
				GCC_WARN_64_TO_32_BIT_CONVERSION = YES;
				GCC_WARN_ABOUT_RETURN_TYPE = YES_ERROR;
				GCC_WARN_UNDECLARED_SELECTOR = YES;
				GCC_WARN_UNINITIALIZED_AUTOS = YES_AGGRESSIVE;
				GCC_WARN_UNUSED_FUNCTION = YES;
				GCC_WARN_UNUSED_VARIABLE = YES;
				IPHONEOS_DEPLOYMENT_TARGET = 12.1;
				MTL_ENABLE_DEBUG_INFO = NO;
				MTL_FAST_MATH = YES;
				SDKROOT = iphoneos;
				SWIFT_COMPILATION_MODE = wholemodule;
				SWIFT_OPTIMIZATION_LEVEL = "-O";
				VALIDATE_PRODUCT = YES;
			};
			name = Release;
		};
		7F191BC921E0B88E00D64CBB /* Debug */ = {
			isa = XCBuildConfiguration;
			baseConfigurationReference = 9E80B92E1B110D0F6F123485 /* Pods-MongoDiary.debug.xcconfig */;
			buildSettings = {
				ASSETCATALOG_COMPILER_APPICON_NAME = AppIcon;
				CODE_SIGN_STYLE = Automatic;
				DEVELOPMENT_TEAM = 3VX9S93JFQ;
				INFOPLIST_FILE = MongoDiary/Info.plist;
				LD_RUNPATH_SEARCH_PATHS = (
					"$(inherited)",
					"@executable_path/Frameworks",
				);
				PRODUCT_BUNDLE_IDENTIFIER = com.ariesssoft.MongoDiary;
				PRODUCT_NAME = "$(TARGET_NAME)";
				SWIFT_VERSION = 4.2;
				TARGETED_DEVICE_FAMILY = "1,2";
			};
			name = Debug;
		};
		7F191BCA21E0B88E00D64CBB /* Release */ = {
			isa = XCBuildConfiguration;
			baseConfigurationReference = B12951507A3F6230690F4BD5 /* Pods-MongoDiary.release.xcconfig */;
			buildSettings = {
				ASSETCATALOG_COMPILER_APPICON_NAME = AppIcon;
				CODE_SIGN_STYLE = Automatic;
				DEVELOPMENT_TEAM = 3VX9S93JFQ;
				INFOPLIST_FILE = MongoDiary/Info.plist;
				LD_RUNPATH_SEARCH_PATHS = (
					"$(inherited)",
					"@executable_path/Frameworks",
				);
				PRODUCT_BUNDLE_IDENTIFIER = com.ariesssoft.MongoDiary;
				PRODUCT_NAME = "$(TARGET_NAME)";
				SWIFT_VERSION = 4.2;
				TARGETED_DEVICE_FAMILY = "1,2";
			};
			name = Release;
		};
/* End XCBuildConfiguration section */

/* Begin XCConfigurationList section */
		7F191BB121E0B88D00D64CBB /* Build configuration list for PBXProject "MongoDiary" */ = {
			isa = XCConfigurationList;
			buildConfigurations = (
				7F191BC621E0B88E00D64CBB /* Debug */,
				7F191BC721E0B88E00D64CBB /* Release */,
			);
			defaultConfigurationIsVisible = 0;
			defaultConfigurationName = Release;
		};
		7F191BC821E0B88E00D64CBB /* Build configuration list for PBXNativeTarget "MongoDiary" */ = {
			isa = XCConfigurationList;
			buildConfigurations = (
				7F191BC921E0B88E00D64CBB /* Debug */,
				7F191BCA21E0B88E00D64CBB /* Release */,
			);
			defaultConfigurationIsVisible = 0;
			defaultConfigurationName = Release;
		};
/* End XCConfigurationList section */
	};
	rootObject = 7F191BAE21E0B88D00D64CBB /* Project object */;
}
